PODS:
  - AwesomeCache (2.0)
  - CryptoSwift (0.0.14)
  - JSONWebToken (1.4.1):
    - CryptoSwift (= 0.0.14)
  - JWTDecode (1.0.0)
  - Locksmith (2.0.6)
  - Nimble (3.0.0)
  - OAuthSwift@p7s1 (0.5.0p1)
  - Quick (0.8.0)
  - SevenPass (1.0.0):
    - AwesomeCache (~> 2.0)
    - CryptoSwift
    - JSONWebToken
    - JWTDecode (~> 1.0)
    - Locksmith
    - OAuthSwift@p7s1 (~> 0.5.0p1)

DEPENDENCIES:
  - Nimble (= 3.0.0)
  - Quick (~> 0.8.0)
  - SevenPass (from `../`)

EXTERNAL SOURCES:
  SevenPass:
    :path: "../"

SPEC CHECKSUMS:
  AwesomeCache: 5d6839ad139cdcee3c3a067f6fc1849523867dd9
  CryptoSwift: 5a6b725e2ad65a789f5f435dd434d38eb2c40b46
  JSONWebToken: cf8b58850dc4cf38ce777a08753a2ea1620d960e
  JWTDecode: d172edcb1607cc15aed85d58eceedcbb675a4534
  Locksmith: 42ec3d535448e3c218f4342782b07a222b1acfd1
  Nimble: 4c353d43735b38b545cbb4cb91504588eb5de926
  OAuthSwift@p7s1: 59cfde9ad2e41f66685474553728706cb6af3a1c
  Quick: 563d0f6ec5f72e394645adb377708639b7dd38ab
  SevenPass: f6b48dc484dc0b25a5dc0cf5414a4c82628e2794

PODFILE CHECKSUM: 176094f03c5b102caaca60786f98883db0e9fb8e

COCOAPODS: 1.0.0.beta.2
