PODS:
  - CryptoSwift (0.6.4)
  - JSONWebToken (2.0.1):
    - CryptoSwift (~> 0.6.0)
  - JWTDecode (2.0.0)
  - Locksmith (3.0.0)
  - Nimble (5.1.0)
  - Quick (0.10.0)
  - SevenPassSDK (3.1.1):
    - JSONWebToken (~> 2.0.1)
    - JWTDecode (~> 2.0)
    - Locksmith (~> 3.0)

DEPENDENCIES:
  - Nimble (~> 5.1.0)
  - Quick (~> 0.10.0)
  - SevenPassSDK (from `../`)

EXTERNAL SOURCES:
  SevenPassSDK:
    :path: "../"

SPEC CHECKSUMS:
  CryptoSwift: 2cb9a11b942b443ca3316bdac2733ed6c6e16d4e
  JSONWebToken: 37f3666c459ed1a1554663a2741ac7655d488b1f
  JWTDecode: 178e47e5d28d3abcff778bacced8342858cd6cb5
  Locksmith: 310b4cc5031af5728bf4db5d4de547a5100c6a3b
  Nimble: 5ea121a2eda60440287054cde077fc0ad22227b3
  Quick: 5d290df1c69d5ee2f0729956dcf0fd9a30447eaa
  SevenPassSDK: 8397320fccc0e351e6d646284c20105f2fb13b0a

PODFILE CHECKSUM: 988aba46abb97cfdef96d568d7efbed2455fd47b

COCOAPODS: 1.1.1
